
Microsoft Visual Studio Solution File, Format Version 12.00
# Visual Studio Version 17
VisualStudioVersion = 17.0.31903.59
MinimumVisualStudioVersion = 10.0.40219.1
Project("{2150E333-8FDC-42A3-9474-1A3956D46DE8}") = "src", "src", "{1CAC0DDE-2B79-4138-85B1-F3B7A38FC402}"
EndProject
Project("{F2A71F9B-5D33-465A-A702-920D77279786}") = "Chapter01", "src\Chapter01\Chapter01.fsproj", "{A169D1AD-2090-4AA0-BD9C-EAC980E9F896}"
EndProject
Project("{2150E333-8FDC-42A3-9474-1A3956D46DE8}") = "tests", "tests", "{40A0ED95-369F-4DD2-87C9-6E16C2896773}"
	ProjectSection(SolutionItems) = preProject
		src\Chapter04\Exercise_04_01.fs = src\Chapter04\Exercise_04_01.fs
	EndProjectSection
EndProject
Project("{F2A71F9B-5D33-465A-A702-920D77279786}") = "Chapter01Tests", "tests\Chapter01Tests\Chapter01Tests.fsproj", "{DF91B9CF-0E94-412E-9F23-A4F8B1C4D141}"
EndProject
Project("{F2A71F9B-5D33-465A-A702-920D77279786}") = "Chapter00", "src\Chapter00\Chapter00.fsproj", "{2F795293-1D00-49C4-8F46-05026DD02D9E}"
EndProject
Project("{F2A71F9B-5D33-465A-A702-920D77279786}") = "Chapter00Tests", "tests\Chapter00Tests\Chapter00Tests.fsproj", "{035A53A6-D2CA-40C6-A0AE-897B69C4CD66}"
EndProject
Project("{F2A71F9B-5D33-465A-A702-920D77279786}") = "Chapter02", "src\Chapter02\Chapter02.fsproj", "{656A5203-3DA6-47B3-AA27-120BAF367056}"
EndProject
Project("{F2A71F9B-5D33-465A-A702-920D77279786}") = "Chapter02Tests", "tests\Chapter02Tests\Chapter02Tests.fsproj", "{A137664C-5AB2-4F48-8B2E-4AF6355818A2}"
EndProject
Project("{F2A71F9B-5D33-465A-A702-920D77279786}") = "Chapter03", "src\Chapter03\Chapter03.fsproj", "{6232C608-3753-4F60-9719-C68B7AD722AD}"
EndProject
Project("{F2A71F9B-5D33-465A-A702-920D77279786}") = "Chapter03Tests", "tests\Chapter03Tests\Chapter03Tests.fsproj", "{8A57E6CB-AFE5-49A7-B751-4D13E7DCE9EB}"
EndProject
Project("{F2A71F9B-5D33-465A-A702-920D77279786}") = "Chapter04", "src\Chapter04\Chapter04.fsproj", "{E4620F7D-721C-4137-9385-B1676D661FCA}"
EndProject
Project("{F2A71F9B-5D33-465A-A702-920D77279786}") = "Chapter04Tests", "tests\Chapter04Tests\Chapter04Tests.fsproj", "{5A62F58F-ED90-4F5E-A3F5-23B9D88A9FD3}"
EndProject
Global
	GlobalSection(SolutionConfigurationPlatforms) = preSolution
		Debug|Any CPU = Debug|Any CPU
		Release|Any CPU = Release|Any CPU
	EndGlobalSection
	GlobalSection(ProjectConfigurationPlatforms) = postSolution
		{A169D1AD-2090-4AA0-BD9C-EAC980E9F896}.Debug|Any CPU.ActiveCfg = Debug|Any CPU
		{A169D1AD-2090-4AA0-BD9C-EAC980E9F896}.Debug|Any CPU.Build.0 = Debug|Any CPU
		{A169D1AD-2090-4AA0-BD9C-EAC980E9F896}.Release|Any CPU.ActiveCfg = Release|Any CPU
		{A169D1AD-2090-4AA0-BD9C-EAC980E9F896}.Release|Any CPU.Build.0 = Release|Any CPU
		{DF91B9CF-0E94-412E-9F23-A4F8B1C4D141}.Debug|Any CPU.ActiveCfg = Debug|Any CPU
		{DF91B9CF-0E94-412E-9F23-A4F8B1C4D141}.Debug|Any CPU.Build.0 = Debug|Any CPU
		{DF91B9CF-0E94-412E-9F23-A4F8B1C4D141}.Release|Any CPU.ActiveCfg = Release|Any CPU
		{DF91B9CF-0E94-412E-9F23-A4F8B1C4D141}.Release|Any CPU.Build.0 = Release|Any CPU
		{2F795293-1D00-49C4-8F46-05026DD02D9E}.Debug|Any CPU.ActiveCfg = Debug|Any CPU
		{2F795293-1D00-49C4-8F46-05026DD02D9E}.Debug|Any CPU.Build.0 = Debug|Any CPU
		{2F795293-1D00-49C4-8F46-05026DD02D9E}.Release|Any CPU.ActiveCfg = Release|Any CPU
		{2F795293-1D00-49C4-8F46-05026DD02D9E}.Release|Any CPU.Build.0 = Release|Any CPU
		{035A53A6-D2CA-40C6-A0AE-897B69C4CD66}.Debug|Any CPU.ActiveCfg = Debug|Any CPU
		{035A53A6-D2CA-40C6-A0AE-897B69C4CD66}.Debug|Any CPU.Build.0 = Debug|Any CPU
		{035A53A6-D2CA-40C6-A0AE-897B69C4CD66}.Release|Any CPU.ActiveCfg = Release|Any CPU
		{035A53A6-D2CA-40C6-A0AE-897B69C4CD66}.Release|Any CPU.Build.0 = Release|Any CPU
		{656A5203-3DA6-47B3-AA27-120BAF367056}.Debug|Any CPU.ActiveCfg = Debug|Any CPU
		{656A5203-3DA6-47B3-AA27-120BAF367056}.Debug|Any CPU.Build.0 = Debug|Any CPU
		{656A5203-3DA6-47B3-AA27-120BAF367056}.Release|Any CPU.ActiveCfg = Release|Any CPU
		{656A5203-3DA6-47B3-AA27-120BAF367056}.Release|Any CPU.Build.0 = Release|Any CPU
		{A137664C-5AB2-4F48-8B2E-4AF6355818A2}.Debug|Any CPU.ActiveCfg = Debug|Any CPU
		{A137664C-5AB2-4F48-8B2E-4AF6355818A2}.Debug|Any CPU.Build.0 = Debug|Any CPU
		{A137664C-5AB2-4F48-8B2E-4AF6355818A2}.Release|Any CPU.ActiveCfg = Release|Any CPU
		{A137664C-5AB2-4F48-8B2E-4AF6355818A2}.Release|Any CPU.Build.0 = Release|Any CPU
		{6232C608-3753-4F60-9719-C68B7AD722AD}.Debug|Any CPU.ActiveCfg = Debug|Any CPU
		{6232C608-3753-4F60-9719-C68B7AD722AD}.Debug|Any CPU.Build.0 = Debug|Any CPU
		{6232C608-3753-4F60-9719-C68B7AD722AD}.Release|Any CPU.ActiveCfg = Release|Any CPU
		{6232C608-3753-4F60-9719-C68B7AD722AD}.Release|Any CPU.Build.0 = Release|Any CPU
		{8A57E6CB-AFE5-49A7-B751-4D13E7DCE9EB}.Debug|Any CPU.ActiveCfg = Debug|Any CPU
		{8A57E6CB-AFE5-49A7-B751-4D13E7DCE9EB}.Debug|Any CPU.Build.0 = Debug|Any CPU
		{8A57E6CB-AFE5-49A7-B751-4D13E7DCE9EB}.Release|Any CPU.ActiveCfg = Release|Any CPU
		{8A57E6CB-AFE5-49A7-B751-4D13E7DCE9EB}.Release|Any CPU.Build.0 = Release|Any CPU
		{E4620F7D-721C-4137-9385-B1676D661FCA}.Debug|Any CPU.ActiveCfg = Debug|Any CPU
		{E4620F7D-721C-4137-9385-B1676D661FCA}.Debug|Any CPU.Build.0 = Debug|Any CPU
		{E4620F7D-721C-4137-9385-B1676D661FCA}.Release|Any CPU.ActiveCfg = Release|Any CPU
		{E4620F7D-721C-4137-9385-B1676D661FCA}.Release|Any CPU.Build.0 = Release|Any CPU
		{5A62F58F-ED90-4F5E-A3F5-23B9D88A9FD3}.Debug|Any CPU.ActiveCfg = Debug|Any CPU
		{5A62F58F-ED90-4F5E-A3F5-23B9D88A9FD3}.Debug|Any CPU.Build.0 = Debug|Any CPU
		{5A62F58F-ED90-4F5E-A3F5-23B9D88A9FD3}.Release|Any CPU.ActiveCfg = Release|Any CPU
		{5A62F58F-ED90-4F5E-A3F5-23B9D88A9FD3}.Release|Any CPU.Build.0 = Release|Any CPU
	EndGlobalSection
	GlobalSection(SolutionProperties) = preSolution
		HideSolutionNode = FALSE
	EndGlobalSection
	GlobalSection(NestedProjects) = preSolution
		{A169D1AD-2090-4AA0-BD9C-EAC980E9F896} = {1CAC0DDE-2B79-4138-85B1-F3B7A38FC402}
		{DF91B9CF-0E94-412E-9F23-A4F8B1C4D141} = {40A0ED95-369F-4DD2-87C9-6E16C2896773}
		{2F795293-1D00-49C4-8F46-05026DD02D9E} = {1CAC0DDE-2B79-4138-85B1-F3B7A38FC402}
		{035A53A6-D2CA-40C6-A0AE-897B69C4CD66} = {40A0ED95-369F-4DD2-87C9-6E16C2896773}
		{656A5203-3DA6-47B3-AA27-120BAF367056} = {1CAC0DDE-2B79-4138-85B1-F3B7A38FC402}
		{A137664C-5AB2-4F48-8B2E-4AF6355818A2} = {40A0ED95-369F-4DD2-87C9-6E16C2896773}
		{6232C608-3753-4F60-9719-C68B7AD722AD} = {1CAC0DDE-2B79-4138-85B1-F3B7A38FC402}
		{8A57E6CB-AFE5-49A7-B751-4D13E7DCE9EB} = {40A0ED95-369F-4DD2-87C9-6E16C2896773}
		{E4620F7D-721C-4137-9385-B1676D661FCA} = {1CAC0DDE-2B79-4138-85B1-F3B7A38FC402}
		{5A62F58F-ED90-4F5E-A3F5-23B9D88A9FD3} = {40A0ED95-369F-4DD2-87C9-6E16C2896773}
	EndGlobalSection
EndGlobal
